// !$*UTF8*$!
{
	archiveVersion = 1;
	classes = {
	};
	objectVersion = 46;
	objects = {

/* Begin PBXBuildFile section */
		F4CB6F781755168900BA4AA9 /* UIKit.framework in Frameworks */ = {isa = PBXBuildFile; fileRef = F4CB6F771755168900BA4AA9 /* UIKit.framework */; };
		F4CB6F7A1755168900BA4AA9 /* Foundation.framework in Frameworks */ = {isa = PBXBuildFile; fileRef = F4CB6F791755168900BA4AA9 /* Foundation.framework */; };
		F4CB6F7C1755168900BA4AA9 /* CoreGraphics.framework in Frameworks */ = {isa = PBXBuildFile; fileRef = F4CB6F7B1755168900BA4AA9 /* CoreGraphics.framework */; };
		F4CB6F821755168900BA4AA9 /* InfoPlist.strings in Resources */ = {isa = PBXBuildFile; fileRef = F4CB6F801755168900BA4AA9 /* InfoPlist.strings */; };
		F4CB6F841755168900BA4AA9 /* main.m in Sources */ = {isa = PBXBuildFile; fileRef = F4CB6F831755168900BA4AA9 /* main.m */; };
		F4CB6F881755168900BA4AA9 /* SMXAppDelegate.m in Sources */ = {isa = PBXBuildFile; fileRef = F4CB6F871755168900BA4AA9 /* SMXAppDelegate.m */; };
		F4CB6F8A1755168900BA4AA9 /* Default.png in Resources */ = {isa = PBXBuildFile; fileRef = F4CB6F891755168900BA4AA9 /* Default.png */; };
		F4CB6F8C1755168900BA4AA9 /* Default@2x.png in Resources */ = {isa = PBXBuildFile; fileRef = F4CB6F8B1755168900BA4AA9 /* Default@2x.png */; };
		F4CB6F8E1755168900BA4AA9 /* Default-568h@2x.png in Resources */ = {isa = PBXBuildFile; fileRef = F4CB6F8D1755168900BA4AA9 /* Default-568h@2x.png */; };
		F4CB6F911755168900BA4AA9 /* MainStoryboard.storyboard in Resources */ = {isa = PBXBuildFile; fileRef = F4CB6F8F1755168900BA4AA9 /* MainStoryboard.storyboard */; };
		F4CB6F941755168900BA4AA9 /* SMXViewController.m in Sources */ = {isa = PBXBuildFile; fileRef = F4CB6F931755168900BA4AA9 /* SMXViewController.m */; };
/* End PBXBuildFile section */

/* Begin PBXFileReference section */
		F4CB6F741755168900BA4AA9 /* CustomUnwindSegue.app */ = {isa = PBXFileReference; explicitFileType = wrapper.application; includeInIndex = 0; path = CustomUnwindSegue.app; sourceTree = BUILT_PRODUCTS_DIR; };
		F4CB6F771755168900BA4AA9 /* UIKit.framework */ = {isa = PBXFileReference; lastKnownFileType = wrapper.framework; name = UIKit.framework; path = System/Library/Frameworks/UIKit.framework; sourceTree = SDKROOT; };
		F4CB6F791755168900BA4AA9 /* Foundation.framework */ = {isa = PBXFileReference; lastKnownFileType = wrapper.framework; name = Foundation.framework; path = System/Library/Frameworks/Foundation.framework; sourceTree = SDKROOT; };
		F4CB6F7B1755168900BA4AA9 /* CoreGraphics.framework */ = {isa = PBXFileReference; lastKnownFileType = wrapper.framework; name = CoreGraphics.framework; path = System/Library/Frameworks/CoreGraphics.framework; sourceTree = SDKROOT; };
		F4CB6F7F1755168900BA4AA9 /* CustomUnwindSegue-Info.plist */ = {isa = PBXFileReference; lastKnownFileType = text.plist.xml; path = "CustomUnwindSegue-Info.plist"; sourceTree = "<group>"; };
		F4CB6F811755168900BA4AA9 /* en */ = {isa = PBXFileReference; lastKnownFileType = text.plist.strings; name = en; path = en.lproj/InfoPlist.strings; sourceTree = "<group>"; };
		F4CB6F831755168900BA4AA9 /* main.m */ = {isa = PBXFileReference; lastKnownFileType = sourcecode.c.objc; path = main.m; sourceTree = "<group>"; };
		F4CB6F851755168900BA4AA9 /* CustomUnwindSegue-Prefix.pch */ = {isa = PBXFileReference; lastKnownFileType = sourcecode.c.h; path = "CustomUnwindSegue-Prefix.pch"; sourceTree = "<group>"; };
		F4CB6F861755168900BA4AA9 /* SMXAppDelegate.h */ = {isa = PBXFileReference; lastKnownFileType = sourcecode.c.h; path = SMXAppDelegate.h; sourceTree = "<group>"; };
		F4CB6F871755168900BA4AA9 /* SMXAppDelegate.m */ = {isa = PBXFileReference; lastKnownFileType = sourcecode.c.objc; path = SMXAppDelegate.m; sourceTree = "<group>"; };
		F4CB6F891755168900BA4AA9 /* Default.png */ = {isa = PBXFileReference; lastKnownFileType = image.png; path = Default.png; sourceTree = "<group>"; };
		F4CB6F8B1755168900BA4AA9 /* Default@2x.png */ = {isa = PBXFileReference; lastKnownFileType = image.png; path = "Default@2x.png"; sourceTree = "<group>"; };
		F4CB6F8D1755168900BA4AA9 /* Default-568h@2x.png */ = {isa = PBXFileReference; lastKnownFileType = image.png; path = "Default-568h@2x.png"; sourceTree = "<group>"; };
		F4CB6F901755168900BA4AA9 /* en */ = {isa = PBXFileReference; lastKnownFileType = file.storyboard; name = en; path = en.lproj/MainStoryboard.storyboard; sourceTree = "<group>"; };
		F4CB6F921755168900BA4AA9 /* SMXViewController.h */ = {isa = PBXFileReference; lastKnownFileType = sourcecode.c.h; path = SMXViewController.h; sourceTree = "<group>"; };
		F4CB6F931755168900BA4AA9 /* SMXViewController.m */ = {isa = PBXFileReference; lastKnownFileType = sourcecode.c.objc; path = SMXViewController.m; sourceTree = "<group>"; };
/* End PBXFileReference section */

/* Begin PBXFrameworksBuildPhase section */
		F4CB6F711755168900BA4AA9 /* Frameworks */ = {
			isa = PBXFrameworksBuildPhase;
			buildActionMask = 2147483647;
			files = (
				F4CB6F781755168900BA4AA9 /* UIKit.framework in Frameworks */,
				F4CB6F7A1755168900BA4AA9 /* Foundation.framework in Frameworks */,
				F4CB6F7C1755168900BA4AA9 /* CoreGraphics.framework in Frameworks */,
			);
			runOnlyForDeploymentPostprocessing = 0;
		};
/* End PBXFrameworksBuildPhase section */

/* Begin PBXGroup section */
		F4CB6F6B1755168900BA4AA9 = {
			isa = PBXGroup;
			children = (
				F4CB6F7D1755168900BA4AA9 /* CustomUnwindSegue */,
				F4CB6F761755168900BA4AA9 /* Frameworks */,
				F4CB6F751755168900BA4AA9 /* Products */,
			);
			sourceTree = "<group>";
		};
		F4CB6F751755168900BA4AA9 /* Products */ = {
			isa = PBXGroup;
			children = (
				F4CB6F741755168900BA4AA9 /* CustomUnwindSegue.app */,
			);
			name = Products;
			sourceTree = "<group>";
		};
		F4CB6F761755168900BA4AA9 /* Frameworks */ = {
			isa = PBXGroup;
			children = (
				F4CB6F771755168900BA4AA9 /* UIKit.framework */,
				F4CB6F791755168900BA4AA9 /* Foundation.framework */,
				F4CB6F7B1755168900BA4AA9 /* CoreGraphics.framework */,
			);
			name = Frameworks;
			sourceTree = "<group>";
		};
		F4CB6F7D1755168900BA4AA9 /* CustomUnwindSegue */ = {
			isa = PBXGroup;
			children = (
				F4CB6F861755168900BA4AA9 /* SMXAppDelegate.h */,
				F4CB6F871755168900BA4AA9 /* SMXAppDelegate.m */,
				F4CB6F8F1755168900BA4AA9 /* MainStoryboard.storyboard */,
				F4CB6F921755168900BA4AA9 /* SMXViewController.h */,
				F4CB6F931755168900BA4AA9 /* SMXViewController.m */,
				F4CB6F7E1755168900BA4AA9 /* Supporting Files */,
			);
			path = CustomUnwindSegue;
			sourceTree = "<group>";
		};
		F4CB6F7E1755168900BA4AA9 /* Supporting Files */ = {
			isa = PBXGroup;
			children = (
				F4CB6F7F1755168900BA4AA9 /* CustomUnwindSegue-Info.plist */,
				F4CB6F801755168900BA4AA9 /* InfoPlist.strings */,
				F4CB6F831755168900BA4AA9 /* main.m */,
				F4CB6F851755168900BA4AA9 /* CustomUnwindSegue-Prefix.pch */,
				F4CB6F891755168900BA4AA9 /* Default.png */,
				F4CB6F8B1755168900BA4AA9 /* Default@2x.png */,
				F4CB6F8D1755168900BA4AA9 /* Default-568h@2x.png */,
			);
			name = "Supporting Files";
			sourceTree = "<group>";
		};
/* End PBXGroup section */

/* Begin PBXNativeTarget section */
		F4CB6F731755168900BA4AA9 /* CustomUnwindSegue */ = {
			isa = PBXNativeTarget;
			buildConfigurationList = F4CB6F971755168900BA4AA9 /* Build configuration list for PBXNativeTarget "CustomUnwindSegue" */;
			buildPhases = (
				F4CB6F701755168900BA4AA9 /* Sources */,
				F4CB6F711755168900BA4AA9 /* Frameworks */,
				F4CB6F721755168900BA4AA9 /* Resources */,
			);
			buildRules = (
			);
			dependencies = (
			);
			name = CustomUnwindSegue;
			productName = CustomUnwindSegue;
			productReference = F4CB6F741755168900BA4AA9 /* CustomUnwindSegue.app */;
			productType = "com.apple.product-type.application";
		};
/* End PBXNativeTarget section */

/* Begin PBXProject section */
		F4CB6F6C1755168900BA4AA9 /* Project object */ = {
			isa = PBXProject;
			attributes = {
				CLASSPREFIX = SMX;
				LastUpgradeCheck = 0460;
				ORGANIZATIONNAME = "Simon Maddox";
			};
			buildConfigurationList = F4CB6F6F1755168900BA4AA9 /* Build configuration list for PBXProject "CustomUnwindSegue" */;
			compatibilityVersion = "Xcode 3.2";
			developmentRegion = English;
			hasScannedForEncodings = 0;
			knownRegions = (
				en,
			);
			mainGroup = F4CB6F6B1755168900BA4AA9;
			productRefGroup = F4CB6F751755168900BA4AA9 /* Products */;
			projectDirPath = "";
			projectRoot = "";
			targets = (
				F4CB6F731755168900BA4AA9 /* CustomUnwindSegue */,
			);
		};
/* End PBXProject section */

/* Begin PBXResourcesBuildPhase section */
		F4CB6F721755168900BA4AA9 /* Resources */ = {
			isa = PBXResourcesBuildPhase;
			buildActionMask = 2147483647;
			files = (
				F4CB6F821755168900BA4AA9 /* InfoPlist.strings in Resources */,
				F4CB6F8A1755168900BA4AA9 /* Default.png in Resources */,
				F4CB6F8C1755168900BA4AA9 /* Default@2x.png in Resources */,
				F4CB6F8E1755168900BA4AA9 /* Default-568h@2x.png in Resources */,
				F4CB6F911755168900BA4AA9 /* MainStoryboard.storyboard in Resources */,
			);
			runOnlyForDeploymentPostprocessing = 0;
		};
/* End PBXResourcesBuildPhase section */

/* Begin PBXSourcesBuildPhase section */
		F4CB6F701755168900BA4AA9 /* Sources */ = {
			isa = PBXSourcesBuildPhase;
			buildActionMask = 2147483647;
			files = (
				F4CB6F841755168900BA4AA9 /* main.m in Sources */,
				F4CB6F881755168900BA4AA9 /* SMXAppDelegate.m in Sources */,
				F4CB6F941755168900BA4AA9 /* SMXViewController.m in Sources */,
			);
			runOnlyForDeploymentPostprocessing = 0;
		};
/* End PBXSourcesBuildPhase section */

/* Begin PBXVariantGroup section */
		F4CB6F801755168900BA4AA9 /* InfoPlist.strings */ = {
			isa = PBXVariantGroup;
			children = (
				F4CB6F811755168900BA4AA9 /* en */,
			);
			name = InfoPlist.strings;
			sourceTree = "<group>";
		};
		F4CB6F8F1755168900BA4AA9 /* MainStoryboard.storyboard */ = {
			isa = PBXVariantGroup;
			children = (
				F4CB6F901755168900BA4AA9 /* en */,
			);
			name = MainStoryboard.storyboard;
			sourceTree = "<group>";
		};
/* End PBXVariantGroup section */

/* Begin XCBuildConfiguration section */
		F4CB6F951755168900BA4AA9 /* Debug */ = {
			isa = XCBuildConfiguration;
			buildSettings = {
				ALWAYS_SEARCH_USER_PATHS = NO;
				CLANG_CXX_LANGUAGE_STANDARD = "gnu++0x";
				CLANG_CXX_LIBRARY = "libc++";
				CLANG_ENABLE_OBJC_ARC = YES;
				CLANG_WARN_CONSTANT_CONVERSION = YES;
				CLANG_WARN_EMPTY_BODY = YES;
				CLANG_WARN_ENUM_CONVERSION = YES;
				CLANG_WARN_INT_CONVERSION = YES;
				CLANG_WARN__DUPLICATE_METHOD_MATCH = YES;
				"CODE_SIGN_IDENTITY[sdk=iphoneos*]" = "iPhone Developer";
				COPY_PHASE_STRIP = NO;
				GCC_C_LANGUAGE_STANDARD = gnu99;
				GCC_DYNAMIC_NO_PIC = NO;
				GCC_OPTIMIZATION_LEVEL = 0;
				GCC_PREPROCESSOR_DEFINITIONS = (
					"DEBUG=1",
					"$(inherited)",
				);
				GCC_SYMBOLS_PRIVATE_EXTERN = NO;
				GCC_WARN_ABOUT_RETURN_TYPE = YES;
				GCC_WARN_UNINITIALIZED_AUTOS = YES;
				GCC_WARN_UNUSED_VARIABLE = YES;
				IPHONEOS_DEPLOYMENT_TARGET = 6.1;
				ONLY_ACTIVE_ARCH = YES;
				SDKROOT = iphoneos;
			};
			name = Debug;
		};
		F4CB6F961755168900BA4AA9 /* Release */ = {
			isa = XCBuildConfiguration;
			buildSettings = {
				ALWAYS_SEARCH_USER_PATHS = NO;
				CLANG_CXX_LANGUAGE_STANDARD = "gnu++0x";
				CLANG_CXX_LIBRARY = "libc++";
				CLANG_ENABLE_OBJC_ARC = YES;
				CLANG_WARN_CONSTANT_CONVERSION = YES;
				CLANG_WARN_EMPTY_BODY = YES;
				CLANG_WARN_ENUM_CONVERSION = YES;
				CLANG_WARN_INT_CONVERSION = YES;
				CLANG_WARN__DUPLICATE_METHOD_MATCH = YES;
				"CODE_SIGN_IDENTITY[sdk=iphoneos*]" = "iPhone Developer";
				COPY_PHASE_STRIP = YES;
				GCC_C_LANGUAGE_STANDARD = gnu99;
				GCC_WARN_ABOUT_RETURN_TYPE = YES;
				GCC_WARN_UNINITIALIZED_AUTOS = YES;
				GCC_WARN_UNUSED_VARIABLE = YES;
				IPHONEOS_DEPLOYMENT_TARGET = 6.1;
				OTHER_CFLAGS = "-DNS_BLOCK_ASSERTIONS=1";
				SDKROOT = iphoneos;
				VALIDATE_PRODUCT = YES;
			};
			name = Release;
		};
		F4CB6F981755168900BA4AA9 /* Debug */ = {
			isa = XCBuildConfiguration;
			buildSettings = {
				GCC_PRECOMPILE_PREFIX_HEADER = YES;
				GCC_PREFIX_HEADER = "CustomUnwindSegue/CustomUnwindSegue-Prefix.pch";
				INFOPLIST_FILE = "CustomUnwindSegue/CustomUnwindSegue-Info.plist";
				PRODUCT_NAME = "$(TARGET_NAME)";
				WRAPPER_EXTENSION = app;
			};
			name = Debug;
		};
		F4CB6F991755168900BA4AA9 /* Release */ = {
			isa = XCBuildConfiguration;
			buildSettings = {
				GCC_PRECOMPILE_PREFIX_HEADER = YES;
				GCC_PREFIX_HEADER = "CustomUnwindSegue/CustomUnwindSegue-Prefix.pch";
				INFOPLIST_FILE = "CustomUnwindSegue/CustomUnwindSegue-Info.plist";
				PRODUCT_NAME = "$(TARGET_NAME)";
				WRAPPER_EXTENSION = app;
			};
			name = Release;
		};
/* End XCBuildConfiguration section */

/* Begin XCConfigurationList section */
		F4CB6F6F1755168900BA4AA9 /* Build configuration list for PBXProject "CustomUnwindSegue" */ = {
			isa = XCConfigurationList;
			buildConfigurations = (
				F4CB6F951755168900BA4AA9 /* Debug */,
				F4CB6F961755168900BA4AA9 /* Release */,
			);
			defaultConfigurationIsVisible = 0;
			defaultConfigurationName = Release;
		};
		F4CB6F971755168900BA4AA9 /* Build configuration list for PBXNativeTarget "CustomUnwindSegue" */ = {
			isa = XCConfigurationList;
			buildConfigurations = (
				F4CB6F981755168900BA4AA9 /* Debug */,
				F4CB6F991755168900BA4AA9 /* Release */,
			);
			defaultConfigurationIsVisible = 0;
		};
/* End XCConfigurationList section */
	};
	rootObject = F4CB6F6C1755168900BA4AA9 /* Project object */;
}
